
Microsoft Visual Studio Solution File, Format Version 12.00
# Visual Studio Version 17
VisualStudioVersion = 17.8.34330.188
MinimumVisualStudioVersion = 10.0.40219.1
Project("{9A19103F-16F7-4668-BE54-9A1E7A4F7556}") = "EmailFlowApi", "EmailFlowApi.csproj", "{AFD00C1E-BD4C-4CC4-87A4-552015E48CBC}"
EndProject
Global
	GlobalSection(SolutionConfigurationPlatforms) = preSolution
		Debug|Any CPU = Debug|Any CPU
		Release|Any CPU = Release|Any CPU
	EndGlobalSection
	GlobalSection(ProjectConfigurationPlatforms) = postSolution
		{AFD00C1E-BD4C-4CC4-87A4-552015E48CBC}.Debug|Any CPU.ActiveCfg = Debug|Any CPU
		{AFD00C1E-BD4C-4CC4-87A4-552015E48CBC}.Debug|Any CPU.Build.0 = Debug|Any CPU
		{AFD00C1E-BD4C-4CC4-87A4-552015E48CBC}.Release|Any CPU.ActiveCfg = Release|Any CPU
		{AFD00C1E-BD4C-4CC4-87A4-552015E48CBC}.Release|Any CPU.Build.0 = Release|Any CPU
	EndGlobalSection
	GlobalSection(SolutionProperties) = preSolution
		HideSolutionNode = FALSE
	EndGlobalSection
	GlobalSection(ExtensibilityGlobals) = postSolution
		SolutionGuid = {5595FF5C-8125-45CC-B490-2AAF5AA58719}
	EndGlobalSection
EndGlobal
